
Microsoft Visual Studio Solution File, Format Version 12.00
# Visual Studio Version 16
VisualStudioVersion = 16.0.31005.135
MinimumVisualStudioVersion = 10.0.40219.1
Project("{FAE04EC0-301F-11D3-BF4B-00C04F79EFBC}") = "App.Android", "App.Android\App.Android.csproj", "{BD66AE3B-188E-4574-A407-B8EE801256FF}"
EndProject
Project("{FAE04EC0-301F-11D3-BF4B-00C04F79EFBC}") = "App.iOS", "App.iOS\App.iOS.csproj", "{415E5071-6EA3-46D8-8747-942C3A6F7CA7}"
EndProject
Project("{9A19103F-16F7-4668-BE54-9A1E7A4F7556}") = "App", "App\App.csproj", "{5548707A-2C4D-41B9-96F7-94455D1ED990}"
EndProject
Global
	GlobalSection(SolutionConfigurationPlatforms) = preSolution
		Debug|Any CPU = Debug|Any CPU
		Debug|iPhone = Debug|iPhone
		Debug|iPhoneSimulator = Debug|iPhoneSimulator
		Release|Any CPU = Release|Any CPU
		Release|iPhone = Release|iPhone
		Release|iPhoneSimulator = Release|iPhoneSimulator
	EndGlobalSection
	GlobalSection(ProjectConfigurationPlatforms) = postSolution
		{BD66AE3B-188E-4574-A407-B8EE801256FF}.Debug|Any CPU.ActiveCfg = Debug|Any CPU
		{BD66AE3B-188E-4574-A407-B8EE801256FF}.Debug|Any CPU.Build.0 = Debug|Any CPU
		{BD66AE3B-188E-4574-A407-B8EE801256FF}.Debug|Any CPU.Deploy.0 = Debug|Any CPU
		{BD66AE3B-188E-4574-A407-B8EE801256FF}.Debug|iPhone.ActiveCfg = Debug|Any CPU
		{BD66AE3B-188E-4574-A407-B8EE801256FF}.Debug|iPhone.Build.0 = Debug|Any CPU
		{BD66AE3B-188E-4574-A407-B8EE801256FF}.Debug|iPhone.Deploy.0 = Debug|Any CPU
		{BD66AE3B-188E-4574-A407-B8EE801256FF}.Debug|iPhoneSimulator.ActiveCfg = Debug|Any CPU
		{BD66AE3B-188E-4574-A407-B8EE801256FF}.Debug|iPhoneSimulator.Build.0 = Debug|Any CPU
		{BD66AE3B-188E-4574-A407-B8EE801256FF}.Debug|iPhoneSimulator.Deploy.0 = Debug|Any CPU
		{BD66AE3B-188E-4574-A407-B8EE801256FF}.Release|Any CPU.ActiveCfg = Release|Any CPU
		{BD66AE3B-188E-4574-A407-B8EE801256FF}.Release|Any CPU.Build.0 = Release|Any CPU
		{BD66AE3B-188E-4574-A407-B8EE801256FF}.Release|Any CPU.Deploy.0 = Release|Any CPU
		{BD66AE3B-188E-4574-A407-B8EE801256FF}.Release|iPhone.ActiveCfg = Release|Any CPU
		{BD66AE3B-188E-4574-A407-B8EE801256FF}.Release|iPhone.Build.0 = Release|Any CPU
		{BD66AE3B-188E-4574-A407-B8EE801256FF}.Release|iPhone.Deploy.0 = Release|Any CPU
		{BD66AE3B-188E-4574-A407-B8EE801256FF}.Release|iPhoneSimulator.ActiveCfg = Release|Any CPU
		{BD66AE3B-188E-4574-A407-B8EE801256FF}.Release|iPhoneSimulator.Build.0 = Release|Any CPU
		{BD66AE3B-188E-4574-A407-B8EE801256FF}.Release|iPhoneSimulator.Deploy.0 = Release|Any CPU
		{415E5071-6EA3-46D8-8747-942C3A6F7CA7}.Debug|Any CPU.ActiveCfg = Debug|iPhone
		{415E5071-6EA3-46D8-8747-942C3A6F7CA7}.Debug|Any CPU.Build.0 = Debug|iPhone
		{415E5071-6EA3-46D8-8747-942C3A6F7CA7}.Debug|Any CPU.Deploy.0 = Debug|iPhone
		{415E5071-6EA3-46D8-8747-942C3A6F7CA7}.Debug|iPhone.ActiveCfg = Debug|iPhone
		{415E5071-6EA3-46D8-8747-942C3A6F7CA7}.Debug|iPhone.Build.0 = Debug|iPhone
		{415E5071-6EA3-46D8-8747-942C3A6F7CA7}.Debug|iPhone.Deploy.0 = Debug|iPhone
		{415E5071-6EA3-46D8-8747-942C3A6F7CA7}.Debug|iPhoneSimulator.ActiveCfg = Debug|iPhoneSimulator
		{415E5071-6EA3-46D8-8747-942C3A6F7CA7}.Debug|iPhoneSimulator.Build.0 = Debug|iPhoneSimulator
		{415E5071-6EA3-46D8-8747-942C3A6F7CA7}.Debug|iPhoneSimulator.Deploy.0 = Debug|iPhoneSimulator
		{415E5071-6EA3-46D8-8747-942C3A6F7CA7}.Release|Any CPU.ActiveCfg = Release|iPhoneSimulator
		{415E5071-6EA3-46D8-8747-942C3A6F7CA7}.Release|Any CPU.Build.0 = Release|iPhoneSimulator
		{415E5071-6EA3-46D8-8747-942C3A6F7CA7}.Release|Any CPU.Deploy.0 = Release|iPhoneSimulator
		{415E5071-6EA3-46D8-8747-942C3A6F7CA7}.Release|iPhone.ActiveCfg = Release|iPhone
		{415E5071-6EA3-46D8-8747-942C3A6F7CA7}.Release|iPhone.Build.0 = Release|iPhone
		{415E5071-6EA3-46D8-8747-942C3A6F7CA7}.Release|iPhone.Deploy.0 = Release|iPhone
		{415E5071-6EA3-46D8-8747-942C3A6F7CA7}.Release|iPhoneSimulator.ActiveCfg = Release|iPhoneSimulator
		{415E5071-6EA3-46D8-8747-942C3A6F7CA7}.Release|iPhoneSimulator.Build.0 = Release|iPhoneSimulator
		{415E5071-6EA3-46D8-8747-942C3A6F7CA7}.Release|iPhoneSimulator.Deploy.0 = Release|iPhoneSimulator
		{5548707A-2C4D-41B9-96F7-94455D1ED990}.Debug|Any CPU.ActiveCfg = Debug|Any CPU
		{5548707A-2C4D-41B9-96F7-94455D1ED990}.Debug|Any CPU.Build.0 = Debug|Any CPU
		{5548707A-2C4D-41B9-96F7-94455D1ED990}.Debug|Any CPU.Deploy.0 = Debug|Any CPU
		{5548707A-2C4D-41B9-96F7-94455D1ED990}.Debug|iPhone.ActiveCfg = Debug|Any CPU
		{5548707A-2C4D-41B9-96F7-94455D1ED990}.Debug|iPhone.Build.0 = Debug|Any CPU
		{5548707A-2C4D-41B9-96F7-94455D1ED990}.Debug|iPhone.Deploy.0 = Debug|Any CPU
		{5548707A-2C4D-41B9-96F7-94455D1ED990}.Debug|iPhoneSimulator.ActiveCfg = Debug|Any CPU
		{5548707A-2C4D-41B9-96F7-94455D1ED990}.Debug|iPhoneSimulator.Build.0 = Debug|Any CPU
		{5548707A-2C4D-41B9-96F7-94455D1ED990}.Debug|iPhoneSimulator.Deploy.0 = Debug|Any CPU
		{5548707A-2C4D-41B9-96F7-94455D1ED990}.Release|Any CPU.ActiveCfg = Release|Any CPU
		{5548707A-2C4D-41B9-96F7-94455D1ED990}.Release|Any CPU.Build.0 = Release|Any CPU
		{5548707A-2C4D-41B9-96F7-94455D1ED990}.Release|Any CPU.Deploy.0 = Release|Any CPU
		{5548707A-2C4D-41B9-96F7-94455D1ED990}.Release|iPhone.ActiveCfg = Release|Any CPU
		{5548707A-2C4D-41B9-96F7-94455D1ED990}.Release|iPhone.Build.0 = Release|Any CPU
		{5548707A-2C4D-41B9-96F7-94455D1ED990}.Release|iPhone.Deploy.0 = Release|Any CPU
		{5548707A-2C4D-41B9-96F7-94455D1ED990}.Release|iPhoneSimulator.ActiveCfg = Release|Any CPU
		{5548707A-2C4D-41B9-96F7-94455D1ED990}.Release|iPhoneSimulator.Build.0 = Release|Any CPU
		{5548707A-2C4D-41B9-96F7-94455D1ED990}.Release|iPhoneSimulator.Deploy.0 = Release|Any CPU
	EndGlobalSection
	GlobalSection(SolutionProperties) = preSolution
		HideSolutionNode = FALSE
	EndGlobalSection
	GlobalSection(ExtensibilityGlobals) = postSolution
		SolutionGuid = {FBF9587B-2E51-4C5E-BBCB-873FC88C59B0}
	EndGlobalSection
EndGlobal
